
Microsoft Visual Studio Solution File, Format Version 12.00
# Visual Studio Version 16
VisualStudioVersion = 16.0.29905.134
MinimumVisualStudioVersion = 10.0.40219.1
Project("{FAE04EC0-301F-11D3-BF4B-00C04F79EFBC}") = "thuc-tap-nhom", "thuc-tap-nhom\thuc-tap-nhom.csproj", "{E6480B6A-7323-4CE9-A37A-6AE5B14674FD}"
EndProject
Global
	GlobalSection(SolutionConfigurationPlatforms) = preSolution
		Debug|Any CPU = Debug|Any CPU
		Release|Any CPU = Release|Any CPU
	EndGlobalSection
	GlobalSection(ProjectConfigurationPlatforms) = postSolution
		{E6480B6A-7323-4CE9-A37A-6AE5B14674FD}.Debug|Any CPU.ActiveCfg = Debug|Any CPU
		{E6480B6A-7323-4CE9-A37A-6AE5B14674FD}.Debug|Any CPU.Build.0 = Debug|Any CPU
		{E6480B6A-7323-4CE9-A37A-6AE5B14674FD}.Release|Any CPU.ActiveCfg = Release|Any CPU
		{E6480B6A-7323-4CE9-A37A-6AE5B14674FD}.Release|Any CPU.Build.0 = Release|Any CPU
	EndGlobalSection
	GlobalSection(SolutionProperties) = preSolution
		HideSolutionNode = FALSE
	EndGlobalSection
	GlobalSection(ExtensibilityGlobals) = postSolution
		SolutionGuid = {9C5E0E86-DFD9-4131-9B50-8ECDA2078399}
	EndGlobalSection
EndGlobal
